
Microsoft Visual Studio Solution File, Format Version 12.00
# Visual Studio Version 17
VisualStudioVersion = 17.14.36221.1 d17.14
MinimumVisualStudioVersion = 10.0.40219.1
Project("{FAE04EC0-301F-11D3-BF4B-00C04F79EFBC}") = "TasksForModul9", "TasksForModul9\TasksForModul9.csproj", "{121AE0EE-B58A-4083-AF8F-956E509328D9}"
EndProject
Global
	GlobalSection(SolutionConfigurationPlatforms) = preSolution
		Debug|Any CPU = Debug|Any CPU
		Release|Any CPU = Release|Any CPU
	EndGlobalSection
	GlobalSection(ProjectConfigurationPlatforms) = postSolution
		{121AE0EE-B58A-4083-AF8F-956E509328D9}.Debug|Any CPU.ActiveCfg = Debug|Any CPU
		{121AE0EE-B58A-4083-AF8F-956E509328D9}.Debug|Any CPU.Build.0 = Debug|Any CPU
		{121AE0EE-B58A-4083-AF8F-956E509328D9}.Release|Any CPU.ActiveCfg = Release|Any CPU
		{121AE0EE-B58A-4083-AF8F-956E509328D9}.Release|Any CPU.Build.0 = Release|Any CPU
	EndGlobalSection
	GlobalSection(SolutionProperties) = preSolution
		HideSolutionNode = FALSE
	EndGlobalSection
	GlobalSection(ExtensibilityGlobals) = postSolution
		SolutionGuid = {97B378A1-366C-404C-8AB1-E7DB3C83D10F}
	EndGlobalSection
EndGlobal
